
Microsoft Visual Studio Solution File, Format Version 12.00
# Visual Studio Version 16
VisualStudioVersion = 16.0.33027.164
MinimumVisualStudioVersion = 10.0.40219.1
Project("{FAE04EC0-301F-11D3-BF4B-00C04F79EFBC}") = "EmployeeCRUD_BookxpertAssignment", "EmployeeCRUD_BookxpertAssignment.csproj", "{9C110177-9D3D-431F-8012-4B42DB7C6895}"
EndProject
Global
	GlobalSection(SolutionConfigurationPlatforms) = preSolution
		Debug|Any CPU = Debug|Any CPU
		Release|Any CPU = Release|Any CPU
	EndGlobalSection
	GlobalSection(ProjectConfigurationPlatforms) = postSolution
		{9C110177-9D3D-431F-8012-4B42DB7C6895}.Debug|Any CPU.ActiveCfg = Debug|Any CPU
		{9C110177-9D3D-431F-8012-4B42DB7C6895}.Debug|Any CPU.Build.0 = Debug|Any CPU
		{9C110177-9D3D-431F-8012-4B42DB7C6895}.Release|Any CPU.ActiveCfg = Release|Any CPU
		{9C110177-9D3D-431F-8012-4B42DB7C6895}.Release|Any CPU.Build.0 = Release|Any CPU
	EndGlobalSection
	GlobalSection(SolutionProperties) = preSolution
		HideSolutionNode = FALSE
	EndGlobalSection
	GlobalSection(ExtensibilityGlobals) = postSolution
		SolutionGuid = {35FB4CD8-116F-4E9B-B425-701BD824DC22}
	EndGlobalSection
EndGlobal
